
Microsoft Visual Studio Solution File, Format Version 12.00
# Visual Studio Version 17
VisualStudioVersion = 17.4.33213.308
MinimumVisualStudioVersion = 10.0.40219.1
Project("{9A19103F-16F7-4668-BE54-9A1E7A4F7556}") = "AgileCMS", "src\web\AgileCMS.csproj", "{F5BCFB42-4569-490F-84E2-BEDC962E8F1A}"
EndProject
Project("{2150E333-8FDC-42A3-9474-1A3956D46DE8}") = "Core", "Core", "{4A437CB9-41C8-4EE6-B6BA-F274A6FEF15E}"
EndProject
Project("{9A19103F-16F7-4668-BE54-9A1E7A4F7556}") = "AgileCMS.Domain", "src\Core\AgileCMS.Domain\AgileCMS.Domain.csproj", "{E5507E0F-935B-48F6-9A28-8DC40B2CF263}"
EndProject
Project("{2150E333-8FDC-42A3-9474-1A3956D46DE8}") = "Business", "Business", "{24F5BA09-4D30-42C3-93C8-F486DADDB234}"
EndProject
Project("{9A19103F-16F7-4668-BE54-9A1E7A4F7556}") = "AgileCMS.Business.Blog", "src\Business\AgileCMS.Business.Blog\AgileCMS.Business.Blog.csproj", "{6574CCB6-CF4A-4667-ADCB-DEBF01890A0C}"
EndProject
Project("{9A19103F-16F7-4668-BE54-9A1E7A4F7556}") = "AgileCMS.Common", "src\Core\AgileCMS.Common\AgileCMS.Common.csproj", "{F1FB5D3F-7F37-43E9-9A39-7D247E06885B}"
EndProject
Project("{9A19103F-16F7-4668-BE54-9A1E7A4F7556}") = "AgileCMS.Infrastructure", "src\Core\AgileCMS.Infrastructure\AgileCMS.Infrastructure.csproj", "{FE97FAA4-1F2A-463C-BED4-EB1E0F144D8B}"
EndProject
Project("{2150E333-8FDC-42A3-9474-1A3956D46DE8}") = "Tests", "Tests", "{2129418F-6181-43C3-8675-BE1BA5A94986}"
EndProject
Project("{9A19103F-16F7-4668-BE54-9A1E7A4F7556}") = "AgileCMS.Business.Blog.Tests", "src\Tests\AgileCMS.Business.Blog.Tests\AgileCMS.Business.Blog.Tests.csproj", "{4429B984-84ED-4109-8E00-B08839F761FA}"
EndProject
Project("{9A19103F-16F7-4668-BE54-9A1E7A4F7556}") = "AgileCMS.Domain.Tests", "src\Tests\AgileCMS.Domain.Tests\AgileCMS.Domain.Tests.csproj", "{67207928-5221-42D0-828F-C356DD26F1F4}"
EndProject
Project("{9A19103F-16F7-4668-BE54-9A1E7A4F7556}") = "AgileCMS.Common.Test", "src\Tests\AgileCMS.Common.Test\AgileCMS.Common.Test.csproj", "{6D3FFDE9-74A6-4558-B9EC-A30A6E1E1979}"
EndProject
Project("{9A19103F-16F7-4668-BE54-9A1E7A4F7556}") = "AgileCMS.Infrastructure.Tests", "src\Tests\AgileCMS.Infrastructure.Tests\AgileCMS.Infrastructure.Tests.csproj", "{F2C9AC2C-73F3-4E5E-B7AA-A23FC2B9EC91}"
EndProject
Project("{2150E333-8FDC-42A3-9474-1A3956D46DE8}") = "Api", "Api", "{62E85C62-0022-46B0-A60F-20DFACBE70F9}"
EndProject
Project("{9A19103F-16F7-4668-BE54-9A1E7A4F7556}") = "AgileCMS.Api", "src\Api\AgileCMS.Api\AgileCMS.Api.csproj", "{DF8E12C0-6124-4425-8EAA-A5F3A17850DD}"
EndProject
Project("{9A19103F-16F7-4668-BE54-9A1E7A4F7556}") = "AgileCMS.Business.Common", "src\Business\AgileCMS.Business.Common\AgileCMS.Business.Common.csproj", "{056D8364-7ACD-4C67-BAA9-2FB6B26CCBEB}"
EndProject
Project("{9A19103F-16F7-4668-BE54-9A1E7A4F7556}") = "AgileCMS.Business.Core", "src\Business\AgileCMS.Business.Core\AgileCMS.Business.Core.csproj", "{3E4E153E-4558-443A-8758-AEF69267B937}"
EndProject
Global
	GlobalSection(SolutionConfigurationPlatforms) = preSolution
		Debug|Any CPU = Debug|Any CPU
		Release|Any CPU = Release|Any CPU
	EndGlobalSection
	GlobalSection(ProjectConfigurationPlatforms) = postSolution
		{F5BCFB42-4569-490F-84E2-BEDC962E8F1A}.Debug|Any CPU.ActiveCfg = Debug|Any CPU
		{F5BCFB42-4569-490F-84E2-BEDC962E8F1A}.Debug|Any CPU.Build.0 = Debug|Any CPU
		{F5BCFB42-4569-490F-84E2-BEDC962E8F1A}.Release|Any CPU.ActiveCfg = Release|Any CPU
		{F5BCFB42-4569-490F-84E2-BEDC962E8F1A}.Release|Any CPU.Build.0 = Release|Any CPU
		{E5507E0F-935B-48F6-9A28-8DC40B2CF263}.Debug|Any CPU.ActiveCfg = Debug|Any CPU
		{E5507E0F-935B-48F6-9A28-8DC40B2CF263}.Debug|Any CPU.Build.0 = Debug|Any CPU
		{E5507E0F-935B-48F6-9A28-8DC40B2CF263}.Release|Any CPU.ActiveCfg = Release|Any CPU
		{E5507E0F-935B-48F6-9A28-8DC40B2CF263}.Release|Any CPU.Build.0 = Release|Any CPU
		{6574CCB6-CF4A-4667-ADCB-DEBF01890A0C}.Debug|Any CPU.ActiveCfg = Debug|Any CPU
		{6574CCB6-CF4A-4667-ADCB-DEBF01890A0C}.Debug|Any CPU.Build.0 = Debug|Any CPU
		{6574CCB6-CF4A-4667-ADCB-DEBF01890A0C}.Release|Any CPU.ActiveCfg = Release|Any CPU
		{6574CCB6-CF4A-4667-ADCB-DEBF01890A0C}.Release|Any CPU.Build.0 = Release|Any CPU
		{F1FB5D3F-7F37-43E9-9A39-7D247E06885B}.Debug|Any CPU.ActiveCfg = Debug|Any CPU
		{F1FB5D3F-7F37-43E9-9A39-7D247E06885B}.Debug|Any CPU.Build.0 = Debug|Any CPU
		{F1FB5D3F-7F37-43E9-9A39-7D247E06885B}.Release|Any CPU.ActiveCfg = Release|Any CPU
		{F1FB5D3F-7F37-43E9-9A39-7D247E06885B}.Release|Any CPU.Build.0 = Release|Any CPU
		{FE97FAA4-1F2A-463C-BED4-EB1E0F144D8B}.Debug|Any CPU.ActiveCfg = Debug|Any CPU
		{FE97FAA4-1F2A-463C-BED4-EB1E0F144D8B}.Debug|Any CPU.Build.0 = Debug|Any CPU
		{FE97FAA4-1F2A-463C-BED4-EB1E0F144D8B}.Release|Any CPU.ActiveCfg = Release|Any CPU
		{FE97FAA4-1F2A-463C-BED4-EB1E0F144D8B}.Release|Any CPU.Build.0 = Release|Any CPU
		{4429B984-84ED-4109-8E00-B08839F761FA}.Debug|Any CPU.ActiveCfg = Debug|Any CPU
		{4429B984-84ED-4109-8E00-B08839F761FA}.Debug|Any CPU.Build.0 = Debug|Any CPU
		{4429B984-84ED-4109-8E00-B08839F761FA}.Release|Any CPU.ActiveCfg = Release|Any CPU
		{4429B984-84ED-4109-8E00-B08839F761FA}.Release|Any CPU.Build.0 = Release|Any CPU
		{67207928-5221-42D0-828F-C356DD26F1F4}.Debug|Any CPU.ActiveCfg = Debug|Any CPU
		{67207928-5221-42D0-828F-C356DD26F1F4}.Debug|Any CPU.Build.0 = Debug|Any CPU
		{67207928-5221-42D0-828F-C356DD26F1F4}.Release|Any CPU.ActiveCfg = Release|Any CPU
		{67207928-5221-42D0-828F-C356DD26F1F4}.Release|Any CPU.Build.0 = Release|Any CPU
		{6D3FFDE9-74A6-4558-B9EC-A30A6E1E1979}.Debug|Any CPU.ActiveCfg = Debug|Any CPU
		{6D3FFDE9-74A6-4558-B9EC-A30A6E1E1979}.Debug|Any CPU.Build.0 = Debug|Any CPU
		{6D3FFDE9-74A6-4558-B9EC-A30A6E1E1979}.Release|Any CPU.ActiveCfg = Release|Any CPU
		{6D3FFDE9-74A6-4558-B9EC-A30A6E1E1979}.Release|Any CPU.Build.0 = Release|Any CPU
		{F2C9AC2C-73F3-4E5E-B7AA-A23FC2B9EC91}.Debug|Any CPU.ActiveCfg = Debug|Any CPU
		{F2C9AC2C-73F3-4E5E-B7AA-A23FC2B9EC91}.Debug|Any CPU.Build.0 = Debug|Any CPU
		{F2C9AC2C-73F3-4E5E-B7AA-A23FC2B9EC91}.Release|Any CPU.ActiveCfg = Release|Any CPU
		{F2C9AC2C-73F3-4E5E-B7AA-A23FC2B9EC91}.Release|Any CPU.Build.0 = Release|Any CPU
		{DF8E12C0-6124-4425-8EAA-A5F3A17850DD}.Debug|Any CPU.ActiveCfg = Debug|Any CPU
		{DF8E12C0-6124-4425-8EAA-A5F3A17850DD}.Debug|Any CPU.Build.0 = Debug|Any CPU
		{DF8E12C0-6124-4425-8EAA-A5F3A17850DD}.Release|Any CPU.ActiveCfg = Release|Any CPU
		{DF8E12C0-6124-4425-8EAA-A5F3A17850DD}.Release|Any CPU.Build.0 = Release|Any CPU
		{056D8364-7ACD-4C67-BAA9-2FB6B26CCBEB}.Debug|Any CPU.ActiveCfg = Debug|Any CPU
		{056D8364-7ACD-4C67-BAA9-2FB6B26CCBEB}.Debug|Any CPU.Build.0 = Debug|Any CPU
		{056D8364-7ACD-4C67-BAA9-2FB6B26CCBEB}.Release|Any CPU.ActiveCfg = Release|Any CPU
		{056D8364-7ACD-4C67-BAA9-2FB6B26CCBEB}.Release|Any CPU.Build.0 = Release|Any CPU
		{3E4E153E-4558-443A-8758-AEF69267B937}.Debug|Any CPU.ActiveCfg = Debug|Any CPU
		{3E4E153E-4558-443A-8758-AEF69267B937}.Debug|Any CPU.Build.0 = Debug|Any CPU
		{3E4E153E-4558-443A-8758-AEF69267B937}.Release|Any CPU.ActiveCfg = Release|Any CPU
		{3E4E153E-4558-443A-8758-AEF69267B937}.Release|Any CPU.Build.0 = Release|Any CPU
	EndGlobalSection
	GlobalSection(SolutionProperties) = preSolution
		HideSolutionNode = FALSE
	EndGlobalSection
	GlobalSection(NestedProjects) = preSolution
		{E5507E0F-935B-48F6-9A28-8DC40B2CF263} = {4A437CB9-41C8-4EE6-B6BA-F274A6FEF15E}
		{6574CCB6-CF4A-4667-ADCB-DEBF01890A0C} = {24F5BA09-4D30-42C3-93C8-F486DADDB234}
		{F1FB5D3F-7F37-43E9-9A39-7D247E06885B} = {4A437CB9-41C8-4EE6-B6BA-F274A6FEF15E}
		{FE97FAA4-1F2A-463C-BED4-EB1E0F144D8B} = {4A437CB9-41C8-4EE6-B6BA-F274A6FEF15E}
		{4429B984-84ED-4109-8E00-B08839F761FA} = {2129418F-6181-43C3-8675-BE1BA5A94986}
		{67207928-5221-42D0-828F-C356DD26F1F4} = {2129418F-6181-43C3-8675-BE1BA5A94986}
		{6D3FFDE9-74A6-4558-B9EC-A30A6E1E1979} = {2129418F-6181-43C3-8675-BE1BA5A94986}
		{F2C9AC2C-73F3-4E5E-B7AA-A23FC2B9EC91} = {2129418F-6181-43C3-8675-BE1BA5A94986}
		{DF8E12C0-6124-4425-8EAA-A5F3A17850DD} = {62E85C62-0022-46B0-A60F-20DFACBE70F9}
		{056D8364-7ACD-4C67-BAA9-2FB6B26CCBEB} = {24F5BA09-4D30-42C3-93C8-F486DADDB234}
		{3E4E153E-4558-443A-8758-AEF69267B937} = {24F5BA09-4D30-42C3-93C8-F486DADDB234}
	EndGlobalSection
	GlobalSection(ExtensibilityGlobals) = postSolution
		SolutionGuid = {6202784C-01B0-4E9B-B976-FDAEB7AE4E99}
	EndGlobalSection
EndGlobal
